// !$*UTF8*$!
{
	archiveVersion = 1;
	classes = {
	};
	objectVersion = 46;
	objects = {

/* Begin PBXBuildFile section */
		C4B5BA8C1D9962D900CECB27 /* AppDelegate.swift in Sources */ = {isa = PBXBuildFile; fileRef = C4B5BA8B1D9962D900CECB27 /* AppDelegate.swift */; };
		C4B5BA8E1D9962D900CECB27 /* ViewController.swift in Sources */ = {isa = PBXBuildFile; fileRef = C4B5BA8D1D9962D900CECB27 /* ViewController.swift */; };
		C4B5BA911D9962D900CECB27 /* Main.storyboard in Resources */ = {isa = PBXBuildFile; fileRef = C4B5BA8F1D9962D900CECB27 /* Main.storyboard */; };
		C4B5BA931D9962D900CECB27 /* Assets.xcassets in Resources */ = {isa = PBXBuildFile; fileRef = C4B5BA921D9962D900CECB27 /* Assets.xcassets */; };
		C4B5BA961D9962D900CECB27 /* LaunchScreen.storyboard in Resources */ = {isa = PBXBuildFile; fileRef = C4B5BA941D9962D900CECB27 /* LaunchScreen.storyboard */; };
		C4B5BAA41D9962E900CECB27 /* KeyboardViewController.swift in Sources */ = {isa = PBXBuildFile; fileRef = C4B5BAA31D9962E900CECB27 /* KeyboardViewController.swift */; };
		C4B5BAA81D9962E900CECB27 /* IPA.appex in Embed App Extensions */ = {isa = PBXBuildFile; fileRef = C4B5BAA11D9962E900CECB27 /* IPA.appex */; settings = {ATTRIBUTES = (RemoveHeadersOnCopy, ); }; };
		C4B5BAB21D99758500CECB27 /* DefaultKeyboard.swift in Sources */ = {isa = PBXBuildFile; fileRef = C4B5BAB11D99758500CECB27 /* DefaultKeyboard.swift */; };
		C4B5BAB41D9975A600CECB27 /* KeyboardModel.swift in Sources */ = {isa = PBXBuildFile; fileRef = C4B5BAB31D9975A600CECB27 /* KeyboardModel.swift */; };
		C4B5BAB61D99760A00CECB27 /* DirectionEnum.swift in Sources */ = {isa = PBXBuildFile; fileRef = C4B5BAB51D99760A00CECB27 /* DirectionEnum.swift */; };
		C4B5BAB81D99772600CECB27 /* ForwardingView.swift in Sources */ = {isa = PBXBuildFile; fileRef = C4B5BAB71D99772600CECB27 /* ForwardingView.swift */; };
		C4B5BABA1D99786600CECB27 /* KeyboardLayout.swift in Sources */ = {isa = PBXBuildFile; fileRef = C4B5BAB91D99786600CECB27 /* KeyboardLayout.swift */; };
		C4B5BABD1D9979B200CECB27 /* KeyboardKey.swift in Sources */ = {isa = PBXBuildFile; fileRef = C4B5BABC1D9979B200CECB27 /* KeyboardKey.swift */; };
		C4B5BABF1D997B4700CECB27 /* Shapes.swift in Sources */ = {isa = PBXBuildFile; fileRef = C4B5BABE1D997B4700CECB27 /* Shapes.swift */; };
		C4B5BAC11D997B9C00CECB27 /* ExtraView.swift in Sources */ = {isa = PBXBuildFile; fileRef = C4B5BAC01D997B9C00CECB27 /* ExtraView.swift */; };
		C4B5BAC31D997C1500CECB27 /* KeyboardKeyBackground.swift in Sources */ = {isa = PBXBuildFile; fileRef = C4B5BAC21D997C1500CECB27 /* KeyboardKeyBackground.swift */; };
		C4D274151D9981AE003F6D5E /* KeyboardInputTraits.swift in Sources */ = {isa = PBXBuildFile; fileRef = C4D274141D9981AE003F6D5E /* KeyboardInputTraits.swift */; };
		C4D274171D9982E0003F6D5E /* ImageKey.swift in Sources */ = {isa = PBXBuildFile; fileRef = C4D274161D9982E0003F6D5E /* ImageKey.swift */; };
		C4D274191D9983A5003F6D5E /* DefaultSettings.swift in Sources */ = {isa = PBXBuildFile; fileRef = C4D274181D9983A5003F6D5E /* DefaultSettings.swift */; };
		C4D2741B1D9983BD003F6D5E /* KeyboardConnector.swift in Sources */ = {isa = PBXBuildFile; fileRef = C4D2741A1D9983BD003F6D5E /* KeyboardConnector.swift */; };
		C4D2741E1D998A5F003F6D5E /* Media.xcassets in Resources */ = {isa = PBXBuildFile; fileRef = C4D2741D1D998A5F003F6D5E /* Media.xcassets */; };
/* End PBXBuildFile section */

/* Begin PBXContainerItemProxy section */
		C4B5BAA61D9962E900CECB27 /* PBXContainerItemProxy */ = {
			isa = PBXContainerItemProxy;
			containerPortal = C4B5BA801D9962D900CECB27 /* Project object */;
			proxyType = 1;
			remoteGlobalIDString = C4B5BAA01D9962E900CECB27;
			remoteInfo = IPA;
		};
/* End PBXContainerItemProxy section */

/* Begin PBXCopyFilesBuildPhase section */
		C4B5BAAC1D9962E900CECB27 /* Embed App Extensions */ = {
			isa = PBXCopyFilesBuildPhase;
			buildActionMask = 2147483647;
			dstPath = "";
			dstSubfolderSpec = 13;
			files = (
				C4B5BAA81D9962E900CECB27 /* IPA.appex in Embed App Extensions */,
			);
			name = "Embed App Extensions";
			runOnlyForDeploymentPostprocessing = 0;
		};
/* End PBXCopyFilesBuildPhase section */

/* Begin PBXFileReference section */
		C4B5BA881D9962D900CECB27 /* Keyboard.app */ = {isa = PBXFileReference; explicitFileType = wrapper.application; includeInIndex = 0; path = Keyboard.app; sourceTree = BUILT_PRODUCTS_DIR; };
		C4B5BA8B1D9962D900CECB27 /* AppDelegate.swift */ = {isa = PBXFileReference; lastKnownFileType = sourcecode.swift; path = AppDelegate.swift; sourceTree = "<group>"; };
		C4B5BA8D1D9962D900CECB27 /* ViewController.swift */ = {isa = PBXFileReference; lastKnownFileType = sourcecode.swift; path = ViewController.swift; sourceTree = "<group>"; };
		C4B5BA901D9962D900CECB27 /* Base */ = {isa = PBXFileReference; lastKnownFileType = file.storyboard; name = Base; path = Base.lproj/Main.storyboard; sourceTree = "<group>"; };
		C4B5BA921D9962D900CECB27 /* Assets.xcassets */ = {isa = PBXFileReference; lastKnownFileType = folder.assetcatalog; path = Assets.xcassets; sourceTree = "<group>"; };
		C4B5BA951D9962D900CECB27 /* Base */ = {isa = PBXFileReference; lastKnownFileType = file.storyboard; name = Base; path = Base.lproj/LaunchScreen.storyboard; sourceTree = "<group>"; };
		C4B5BA971D9962D900CECB27 /* Info.plist */ = {isa = PBXFileReference; lastKnownFileType = text.plist.xml; path = Info.plist; sourceTree = "<group>"; };
		C4B5BAA11D9962E900CECB27 /* IPA.appex */ = {isa = PBXFileReference; explicitFileType = "wrapper.app-extension"; includeInIndex = 0; path = IPA.appex; sourceTree = BUILT_PRODUCTS_DIR; };
		C4B5BAA31D9962E900CECB27 /* KeyboardViewController.swift */ = {isa = PBXFileReference; lastKnownFileType = sourcecode.swift; path = KeyboardViewController.swift; sourceTree = "<group>"; };
		C4B5BAA51D9962E900CECB27 /* Info.plist */ = {isa = PBXFileReference; lastKnownFileType = text.plist.xml; path = Info.plist; sourceTree = "<group>"; };
		C4B5BAB11D99758500CECB27 /* DefaultKeyboard.swift */ = {isa = PBXFileReference; fileEncoding = 4; lastKnownFileType = sourcecode.swift; path = DefaultKeyboard.swift; sourceTree = "<group>"; };
		C4B5BAB31D9975A600CECB27 /* KeyboardModel.swift */ = {isa = PBXFileReference; fileEncoding = 4; lastKnownFileType = sourcecode.swift; path = KeyboardModel.swift; sourceTree = "<group>"; };
		C4B5BAB51D99760A00CECB27 /* DirectionEnum.swift */ = {isa = PBXFileReference; fileEncoding = 4; lastKnownFileType = sourcecode.swift; path = DirectionEnum.swift; sourceTree = "<group>"; };
		C4B5BAB71D99772600CECB27 /* ForwardingView.swift */ = {isa = PBXFileReference; fileEncoding = 4; lastKnownFileType = sourcecode.swift; path = ForwardingView.swift; sourceTree = "<group>"; };
		C4B5BAB91D99786600CECB27 /* KeyboardLayout.swift */ = {isa = PBXFileReference; fileEncoding = 4; lastKnownFileType = sourcecode.swift; path = KeyboardLayout.swift; sourceTree = "<group>"; };
		C4B5BABC1D9979B200CECB27 /* KeyboardKey.swift */ = {isa = PBXFileReference; fileEncoding = 4; lastKnownFileType = sourcecode.swift; path = KeyboardKey.swift; sourceTree = "<group>"; };
		C4B5BABE1D997B4700CECB27 /* Shapes.swift */ = {isa = PBXFileReference; fileEncoding = 4; lastKnownFileType = sourcecode.swift; path = Shapes.swift; sourceTree = "<group>"; };
		C4B5BAC01D997B9C00CECB27 /* ExtraView.swift */ = {isa = PBXFileReference; fileEncoding = 4; lastKnownFileType = sourcecode.swift; path = ExtraView.swift; sourceTree = "<group>"; };
		C4B5BAC21D997C1500CECB27 /* KeyboardKeyBackground.swift */ = {isa = PBXFileReference; fileEncoding = 4; lastKnownFileType = sourcecode.swift; path = KeyboardKeyBackground.swift; sourceTree = "<group>"; };
		C4D274141D9981AE003F6D5E /* KeyboardInputTraits.swift */ = {isa = PBXFileReference; fileEncoding = 4; lastKnownFileType = sourcecode.swift; path = KeyboardInputTraits.swift; sourceTree = "<group>"; };
		C4D274161D9982E0003F6D5E /* ImageKey.swift */ = {isa = PBXFileReference; fileEncoding = 4; lastKnownFileType = sourcecode.swift; path = ImageKey.swift; sourceTree = "<group>"; };
		C4D274181D9983A5003F6D5E /* DefaultSettings.swift */ = {isa = PBXFileReference; fileEncoding = 4; lastKnownFileType = sourcecode.swift; path = DefaultSettings.swift; sourceTree = "<group>"; };
		C4D2741A1D9983BD003F6D5E /* KeyboardConnector.swift */ = {isa = PBXFileReference; fileEncoding = 4; lastKnownFileType = sourcecode.swift; path = KeyboardConnector.swift; sourceTree = "<group>"; };
		C4D2741D1D998A5F003F6D5E /* Media.xcassets */ = {isa = PBXFileReference; lastKnownFileType = folder.assetcatalog; path = Media.xcassets; sourceTree = "<group>"; };
/* End PBXFileReference section */

/* Begin PBXFrameworksBuildPhase section */
		C4B5BA851D9962D900CECB27 /* Frameworks */ = {
			isa = PBXFrameworksBuildPhase;
			buildActionMask = 2147483647;
			files = (
			);
			runOnlyForDeploymentPostprocessing = 0;
		};
		C4B5BA9E1D9962E900CECB27 /* Frameworks */ = {
			isa = PBXFrameworksBuildPhase;
			buildActionMask = 2147483647;
			files = (
			);
			runOnlyForDeploymentPostprocessing = 0;
		};
/* End PBXFrameworksBuildPhase section */

/* Begin PBXGroup section */
		C4B5BA7F1D9962D900CECB27 = {
			isa = PBXGroup;
			children = (
				C4B5BA8A1D9962D900CECB27 /* Keyboard */,
				C4B5BAA21D9962E900CECB27 /* IPA */,
				C4B5BA891D9962D900CECB27 /* Products */,
			);
			sourceTree = "<group>";
		};
		C4B5BA891D9962D900CECB27 /* Products */ = {
			isa = PBXGroup;
			children = (
				C4B5BA881D9962D900CECB27 /* Keyboard.app */,
				C4B5BAA11D9962E900CECB27 /* IPA.appex */,
			);
			name = Products;
			sourceTree = "<group>";
		};
		C4B5BA8A1D9962D900CECB27 /* Keyboard */ = {
			isa = PBXGroup;
			children = (
				C4B5BA8B1D9962D900CECB27 /* AppDelegate.swift */,
				C4B5BA8D1D9962D900CECB27 /* ViewController.swift */,
				C4B5BA8F1D9962D900CECB27 /* Main.storyboard */,
				C4B5BA921D9962D900CECB27 /* Assets.xcassets */,
				C4B5BA941D9962D900CECB27 /* LaunchScreen.storyboard */,
				C4B5BA971D9962D900CECB27 /* Info.plist */,
			);
			path = Keyboard;
			sourceTree = "<group>";
		};
		C4B5BAA21D9962E900CECB27 /* IPA */ = {
			isa = PBXGroup;
			children = (
				C4B5BABB1D9979A200CECB27 /* Views */,
				C4B5BAB01D99753B00CECB27 /* Model */,
				C4B5BAAF1D99752B00CECB27 /* Controller */,
				C4B5BAA51D9962E900CECB27 /* Info.plist */,
				C4D2741D1D998A5F003F6D5E /* Media.xcassets */,
			);
			path = IPA;
			sourceTree = "<group>";
		};
		C4B5BAAF1D99752B00CECB27 /* Controller */ = {
			isa = PBXGroup;
			children = (
				C4B5BAA31D9962E900CECB27 /* KeyboardViewController.swift */,
				C4B5BAB71D99772600CECB27 /* ForwardingView.swift */,
				C4B5BAB91D99786600CECB27 /* KeyboardLayout.swift */,
				C4D274141D9981AE003F6D5E /* KeyboardInputTraits.swift */,
			);
			name = Controller;
			sourceTree = "<group>";
		};
		C4B5BAB01D99753B00CECB27 /* Model */ = {
			isa = PBXGroup;
			children = (
				C4B5BAB11D99758500CECB27 /* DefaultKeyboard.swift */,
				C4B5BAB31D9975A600CECB27 /* KeyboardModel.swift */,
				C4B5BAB51D99760A00CECB27 /* DirectionEnum.swift */,
			);
			name = Model;
			sourceTree = "<group>";
		};
		C4B5BABB1D9979A200CECB27 /* Views */ = {
			isa = PBXGroup;
			children = (
				C4B5BABC1D9979B200CECB27 /* KeyboardKey.swift */,
				C4B5BABE1D997B4700CECB27 /* Shapes.swift */,
				C4B5BAC01D997B9C00CECB27 /* ExtraView.swift */,
				C4B5BAC21D997C1500CECB27 /* KeyboardKeyBackground.swift */,
				C4D274161D9982E0003F6D5E /* ImageKey.swift */,
				C4D274181D9983A5003F6D5E /* DefaultSettings.swift */,
				C4D2741A1D9983BD003F6D5E /* KeyboardConnector.swift */,
			);
			name = Views;
			sourceTree = "<group>";
		};
/* End PBXGroup section */

/* Begin PBXNativeTarget section */
		C4B5BA871D9962D900CECB27 /* Keyboard */ = {
			isa = PBXNativeTarget;
			buildConfigurationList = C4B5BA9A1D9962DA00CECB27 /* Build configuration list for PBXNativeTarget "Keyboard" */;
			buildPhases = (
				C4B5BA841D9962D900CECB27 /* Sources */,
				C4B5BA851D9962D900CECB27 /* Frameworks */,
				C4B5BA861D9962D900CECB27 /* Resources */,
				C4B5BAAC1D9962E900CECB27 /* Embed App Extensions */,
			);
			buildRules = (
			);
			dependencies = (
				C4B5BAA71D9962E900CECB27 /* PBXTargetDependency */,
			);
			name = Keyboard;
			productName = Keyboard;
			productReference = C4B5BA881D9962D900CECB27 /* Keyboard.app */;
			productType = "com.apple.product-type.application";
		};
		C4B5BAA01D9962E900CECB27 /* IPA */ = {
			isa = PBXNativeTarget;
			buildConfigurationList = C4B5BAA91D9962E900CECB27 /* Build configuration list for PBXNativeTarget "IPA" */;
			buildPhases = (
				C4B5BA9D1D9962E900CECB27 /* Sources */,
				C4B5BA9E1D9962E900CECB27 /* Frameworks */,
				C4B5BA9F1D9962E900CECB27 /* Resources */,
			);
			buildRules = (
			);
			dependencies = (
			);
			name = IPA;
			productName = IPA;
			productReference = C4B5BAA11D9962E900CECB27 /* IPA.appex */;
			productType = "com.apple.product-type.app-extension";
		};
/* End PBXNativeTarget section */

/* Begin PBXProject section */
		C4B5BA801D9962D900CECB27 /* Project object */ = {
			isa = PBXProject;
			attributes = {
				LastSwiftUpdateCheck = 0800;
				LastUpgradeCheck = 0800;
				ORGANIZATIONNAME = "Elizabeth Simonian";
				TargetAttributes = {
					C4B5BA871D9962D900CECB27 = {
						CreatedOnToolsVersion = 8.0;
						LastSwiftMigration = 0800;
						ProvisioningStyle = Automatic;
					};
					C4B5BAA01D9962E900CECB27 = {
						CreatedOnToolsVersion = 8.0;
						LastSwiftMigration = 0800;
						ProvisioningStyle = Automatic;
					};
				};
			};
			buildConfigurationList = C4B5BA831D9962D900CECB27 /* Build configuration list for PBXProject "Keyboard" */;
			compatibilityVersion = "Xcode 3.2";
			developmentRegion = English;
			hasScannedForEncodings = 0;
			knownRegions = (
				en,
				Base,
			);
			mainGroup = C4B5BA7F1D9962D900CECB27;
			productRefGroup = C4B5BA891D9962D900CECB27 /* Products */;
			projectDirPath = "";
			projectRoot = "";
			targets = (
				C4B5BA871D9962D900CECB27 /* Keyboard */,
				C4B5BAA01D9962E900CECB27 /* IPA */,
			);
		};
/* End PBXProject section */

/* Begin PBXResourcesBuildPhase section */
		C4B5BA861D9962D900CECB27 /* Resources */ = {
			isa = PBXResourcesBuildPhase;
			buildActionMask = 2147483647;
			files = (
				C4B5BA961D9962D900CECB27 /* LaunchScreen.storyboard in Resources */,
				C4B5BA931D9962D900CECB27 /* Assets.xcassets in Resources */,
				C4B5BA911D9962D900CECB27 /* Main.storyboard in Resources */,
			);
			runOnlyForDeploymentPostprocessing = 0;
		};
		C4B5BA9F1D9962E900CECB27 /* Resources */ = {
			isa = PBXResourcesBuildPhase;
			buildActionMask = 2147483647;
			files = (
				C4D2741E1D998A5F003F6D5E /* Media.xcassets in Resources */,
			);
			runOnlyForDeploymentPostprocessing = 0;
		};
/* End PBXResourcesBuildPhase section */

/* Begin PBXSourcesBuildPhase section */
		C4B5BA841D9962D900CECB27 /* Sources */ = {
			isa = PBXSourcesBuildPhase;
			buildActionMask = 2147483647;
			files = (
				C4B5BA8E1D9962D900CECB27 /* ViewController.swift in Sources */,
				C4B5BA8C1D9962D900CECB27 /* AppDelegate.swift in Sources */,
			);
			runOnlyForDeploymentPostprocessing = 0;
		};
		C4B5BA9D1D9962E900CECB27 /* Sources */ = {
			isa = PBXSourcesBuildPhase;
			buildActionMask = 2147483647;
			files = (
				C4B5BABA1D99786600CECB27 /* KeyboardLayout.swift in Sources */,
				C4D274171D9982E0003F6D5E /* ImageKey.swift in Sources */,
				C4B5BAC11D997B9C00CECB27 /* ExtraView.swift in Sources */,
				C4B5BAB61D99760A00CECB27 /* DirectionEnum.swift in Sources */,
				C4B5BAB21D99758500CECB27 /* DefaultKeyboard.swift in Sources */,
				C4B5BABF1D997B4700CECB27 /* Shapes.swift in Sources */,
				C4D2741B1D9983BD003F6D5E /* KeyboardConnector.swift in Sources */,
				C4B5BABD1D9979B200CECB27 /* KeyboardKey.swift in Sources */,
				C4B5BAB81D99772600CECB27 /* ForwardingView.swift in Sources */,
				C4D274191D9983A5003F6D5E /* DefaultSettings.swift in Sources */,
				C4D274151D9981AE003F6D5E /* KeyboardInputTraits.swift in Sources */,
				C4B5BAA41D9962E900CECB27 /* KeyboardViewController.swift in Sources */,
				C4B5BAC31D997C1500CECB27 /* KeyboardKeyBackground.swift in Sources */,
				C4B5BAB41D9975A600CECB27 /* KeyboardModel.swift in Sources */,
			);
			runOnlyForDeploymentPostprocessing = 0;
		};
/* End PBXSourcesBuildPhase section */

/* Begin PBXTargetDependency section */
		C4B5BAA71D9962E900CECB27 /* PBXTargetDependency */ = {
			isa = PBXTargetDependency;
			target = C4B5BAA01D9962E900CECB27 /* IPA */;
			targetProxy = C4B5BAA61D9962E900CECB27 /* PBXContainerItemProxy */;
		};
/* End PBXTargetDependency section */

/* Begin PBXVariantGroup section */
		C4B5BA8F1D9962D900CECB27 /* Main.storyboard */ = {
			isa = PBXVariantGroup;
			children = (
				C4B5BA901D9962D900CECB27 /* Base */,
			);
			name = Main.storyboard;
			sourceTree = "<group>";
		};
		C4B5BA941D9962D900CECB27 /* LaunchScreen.storyboard */ = {
			isa = PBXVariantGroup;
			children = (
				C4B5BA951D9962D900CECB27 /* Base */,
			);
			name = LaunchScreen.storyboard;
			sourceTree = "<group>";
		};
/* End PBXVariantGroup section */

/* Begin XCBuildConfiguration section */
		C4B5BA981D9962DA00CECB27 /* Debug */ = {
			isa = XCBuildConfiguration;
			buildSettings = {
				ALWAYS_SEARCH_USER_PATHS = NO;
				CLANG_ANALYZER_NONNULL = YES;
				CLANG_CXX_LANGUAGE_STANDARD = "gnu++0x";
				CLANG_CXX_LIBRARY = "libc++";
				CLANG_ENABLE_MODULES = YES;
				CLANG_ENABLE_OBJC_ARC = YES;
				CLANG_WARN_BOOL_CONVERSION = YES;
				CLANG_WARN_CONSTANT_CONVERSION = YES;
				CLANG_WARN_DIRECT_OBJC_ISA_USAGE = YES_ERROR;
				CLANG_WARN_DOCUMENTATION_COMMENTS = YES;
				CLANG_WARN_EMPTY_BODY = YES;
				CLANG_WARN_ENUM_CONVERSION = YES;
				CLANG_WARN_INFINITE_RECURSION = YES;
				CLANG_WARN_INT_CONVERSION = YES;
				CLANG_WARN_OBJC_ROOT_CLASS = YES_ERROR;
				CLANG_WARN_SUSPICIOUS_MOVES = YES;
				CLANG_WARN_UNREACHABLE_CODE = YES;
				CLANG_WARN__DUPLICATE_METHOD_MATCH = YES;
				"CODE_SIGN_IDENTITY[sdk=iphoneos*]" = "iPhone Developer";
				COPY_PHASE_STRIP = NO;
				DEBUG_INFORMATION_FORMAT = dwarf;
				ENABLE_STRICT_OBJC_MSGSEND = YES;
				ENABLE_TESTABILITY = YES;
				GCC_C_LANGUAGE_STANDARD = gnu99;
				GCC_DYNAMIC_NO_PIC = NO;
				GCC_NO_COMMON_BLOCKS = YES;
				GCC_OPTIMIZATION_LEVEL = 0;
				GCC_PREPROCESSOR_DEFINITIONS = (
					"DEBUG=1",
					"$(inherited)",
				);
				GCC_WARN_64_TO_32_BIT_CONVERSION = YES;
				GCC_WARN_ABOUT_RETURN_TYPE = YES_ERROR;
				GCC_WARN_UNDECLARED_SELECTOR = YES;
				GCC_WARN_UNINITIALIZED_AUTOS = YES_AGGRESSIVE;
				GCC_WARN_UNUSED_FUNCTION = YES;
				GCC_WARN_UNUSED_VARIABLE = YES;
				IPHONEOS_DEPLOYMENT_TARGET = 10.0;
				MTL_ENABLE_DEBUG_INFO = YES;
				ONLY_ACTIVE_ARCH = YES;
				SDKROOT = iphoneos;
				SWIFT_ACTIVE_COMPILATION_CONDITIONS = DEBUG;
				SWIFT_OPTIMIZATION_LEVEL = "-Onone";
				TARGETED_DEVICE_FAMILY = "1,2";
			};
			name = Debug;
		};
		C4B5BA991D9962DA00CECB27 /* Release */ = {
			isa = XCBuildConfiguration;
			buildSettings = {
				ALWAYS_SEARCH_USER_PATHS = NO;
				CLANG_ANALYZER_NONNULL = YES;
				CLANG_CXX_LANGUAGE_STANDARD = "gnu++0x";
				CLANG_CXX_LIBRARY = "libc++";
				CLANG_ENABLE_MODULES = YES;
				CLANG_ENABLE_OBJC_ARC = YES;
				CLANG_WARN_BOOL_CONVERSION = YES;
				CLANG_WARN_CONSTANT_CONVERSION = YES;
				CLANG_WARN_DIRECT_OBJC_ISA_USAGE = YES_ERROR;
				CLANG_WARN_DOCUMENTATION_COMMENTS = YES;
				CLANG_WARN_EMPTY_BODY = YES;
				CLANG_WARN_ENUM_CONVERSION = YES;
				CLANG_WARN_INFINITE_RECURSION = YES;
				CLANG_WARN_INT_CONVERSION = YES;
				CLANG_WARN_OBJC_ROOT_CLASS = YES_ERROR;
				CLANG_WARN_SUSPICIOUS_MOVES = YES;
				CLANG_WARN_UNREACHABLE_CODE = YES;
				CLANG_WARN__DUPLICATE_METHOD_MATCH = YES;
				"CODE_SIGN_IDENTITY[sdk=iphoneos*]" = "iPhone Developer";
				COPY_PHASE_STRIP = NO;
				DEBUG_INFORMATION_FORMAT = "dwarf-with-dsym";
				ENABLE_NS_ASSERTIONS = NO;
				ENABLE_STRICT_OBJC_MSGSEND = YES;
				GCC_C_LANGUAGE_STANDARD = gnu99;
				GCC_NO_COMMON_BLOCKS = YES;
				GCC_WARN_64_TO_32_BIT_CONVERSION = YES;
				GCC_WARN_ABOUT_RETURN_TYPE = YES_ERROR;
				GCC_WARN_UNDECLARED_SELECTOR = YES;
				GCC_WARN_UNINITIALIZED_AUTOS = YES_AGGRESSIVE;
				GCC_WARN_UNUSED_FUNCTION = YES;
				GCC_WARN_UNUSED_VARIABLE = YES;
				IPHONEOS_DEPLOYMENT_TARGET = 10.0;
				MTL_ENABLE_DEBUG_INFO = NO;
				SDKROOT = iphoneos;
				SWIFT_OPTIMIZATION_LEVEL = "-Owholemodule";
				TARGETED_DEVICE_FAMILY = "1,2";
				VALIDATE_PRODUCT = YES;
			};
			name = Release;
		};
		C4B5BA9B1D9962DA00CECB27 /* Debug */ = {
			isa = XCBuildConfiguration;
			buildSettings = {
				ALWAYS_EMBED_SWIFT_STANDARD_LIBRARIES = YES;
				ASSETCATALOG_COMPILER_APPICON_NAME = AppIcon;
				INFOPLIST_FILE = Keyboard/Info.plist;
				LD_RUNPATH_SEARCH_PATHS = "$(inherited) @executable_path/Frameworks";
				PRODUCT_BUNDLE_IDENTIFIER = me.elizabethsimonian.Keyboard;
				PRODUCT_NAME = "$(TARGET_NAME)";
				SWIFT_VERSION = 3.0;
			};
			name = Debug;
		};
		C4B5BA9C1D9962DA00CECB27 /* Release */ = {
			isa = XCBuildConfiguration;
			buildSettings = {
				ALWAYS_EMBED_SWIFT_STANDARD_LIBRARIES = YES;
				ASSETCATALOG_COMPILER_APPICON_NAME = AppIcon;
				INFOPLIST_FILE = Keyboard/Info.plist;
				LD_RUNPATH_SEARCH_PATHS = "$(inherited) @executable_path/Frameworks";
				PRODUCT_BUNDLE_IDENTIFIER = me.elizabethsimonian.Keyboard;
				PRODUCT_NAME = "$(TARGET_NAME)";
				SWIFT_VERSION = 3.0;
			};
			name = Release;
		};
		C4B5BAAA1D9962E900CECB27 /* Debug */ = {
			isa = XCBuildConfiguration;
			buildSettings = {
				INFOPLIST_FILE = IPA/Info.plist;
				LD_RUNPATH_SEARCH_PATHS = "$(inherited) @executable_path/Frameworks @executable_path/../../Frameworks";
				PRODUCT_BUNDLE_IDENTIFIER = me.elizabethsimonian.Keyboard.IPA;
				PRODUCT_NAME = "$(TARGET_NAME)";
				SKIP_INSTALL = YES;
				SWIFT_VERSION = 3.0;
			};
			name = Debug;
		};
		C4B5BAAB1D9962E900CECB27 /* Release */ = {
			isa = XCBuildConfiguration;
			buildSettings = {
				INFOPLIST_FILE = IPA/Info.plist;
				LD_RUNPATH_SEARCH_PATHS = "$(inherited) @executable_path/Frameworks @executable_path/../../Frameworks";
				PRODUCT_BUNDLE_IDENTIFIER = me.elizabethsimonian.Keyboard.IPA;
				PRODUCT_NAME = "$(TARGET_NAME)";
				SKIP_INSTALL = YES;
				SWIFT_VERSION = 3.0;
			};
			name = Release;
		};
/* End XCBuildConfiguration section */

/* Begin XCConfigurationList section */
		C4B5BA831D9962D900CECB27 /* Build configuration list for PBXProject "Keyboard" */ = {
			isa = XCConfigurationList;
			buildConfigurations = (
				C4B5BA981D9962DA00CECB27 /* Debug */,
				C4B5BA991D9962DA00CECB27 /* Release */,
			);
			defaultConfigurationIsVisible = 0;
			defaultConfigurationName = Release;
		};
		C4B5BA9A1D9962DA00CECB27 /* Build configuration list for PBXNativeTarget "Keyboard" */ = {
			isa = XCConfigurationList;
			buildConfigurations = (
				C4B5BA9B1D9962DA00CECB27 /* Debug */,
				C4B5BA9C1D9962DA00CECB27 /* Release */,
			);
			defaultConfigurationIsVisible = 0;
			defaultConfigurationName = Release;
		};
		C4B5BAA91D9962E900CECB27 /* Build configuration list for PBXNativeTarget "IPA" */ = {
			isa = XCConfigurationList;
			buildConfigurations = (
				C4B5BAAA1D9962E900CECB27 /* Debug */,
				C4B5BAAB1D9962E900CECB27 /* Release */,
			);
			defaultConfigurationIsVisible = 0;
			defaultConfigurationName = Release;
		};
/* End XCConfigurationList section */
	};
	rootObject = C4B5BA801D9962D900CECB27 /* Project object */;
}
